
Microsoft Visual Studio Solution File, Format Version 12.00
# Visual Studio Version 17
VisualStudioVersion = 17.13.35825.156 d17.13
MinimumVisualStudioVersion = 10.0.40219.1
Project("{FAE04EC0-301F-11D3-BF4B-00C04F79EFBC}") = "JogoDeDadosConsoleApp", "JogoDeDadosConsoleApp\JogoDeDadosConsoleApp.csproj", "{48E2A8FE-6FC9-4959-B026-EE7500626144}"
EndProject
Global
	GlobalSection(SolutionConfigurationPlatforms) = preSolution
		Debug|Any CPU = Debug|Any CPU
		Release|Any CPU = Release|Any CPU
	EndGlobalSection
	GlobalSection(ProjectConfigurationPlatforms) = postSolution
		{48E2A8FE-6FC9-4959-B026-EE7500626144}.Debug|Any CPU.ActiveCfg = Debug|Any CPU
		{48E2A8FE-6FC9-4959-B026-EE7500626144}.Debug|Any CPU.Build.0 = Debug|Any CPU
		{48E2A8FE-6FC9-4959-B026-EE7500626144}.Release|Any CPU.ActiveCfg = Release|Any CPU
		{48E2A8FE-6FC9-4959-B026-EE7500626144}.Release|Any CPU.Build.0 = Release|Any CPU
	EndGlobalSection
	GlobalSection(SolutionProperties) = preSolution
		HideSolutionNode = FALSE
	EndGlobalSection
	GlobalSection(ExtensibilityGlobals) = postSolution
		SolutionGuid = {BEFC2ACF-4789-481E-A8C1-97F5A3CF7CA0}
	EndGlobalSection
EndGlobal
